
Microsoft Visual Studio Solution File, Format Version 12.00
Project("{FAE04EC0-301F-11D3-BF4B-00C04F79EFBC}") = "GossNet.Protocol", "GossNet.Protocol\GossNet.Protocol.csproj", "{CEB49A76-5A41-4B24-AEED-CAE44BFA68B4}"
EndProject
Project("{FAE04EC0-301F-11D3-BF4B-00C04F79EFBC}") = "GossNet.Protocol.Tests", "GossNet.Protocol.Tests\GossNet.Protocol.Tests.csproj", "{A504339D-EB09-468A-81F3-ACC5BC01A7F1}"
EndProject
Project("{FAE04EC0-301F-11D3-BF4B-00C04F79EFBC}") = "GossNet.Discovery.Consul", "GossNet.Discovery.Consul\GossNet.Discovery.Consul.csproj", "{2A47A835-E3A5-410B-97E4-403AE274F2EE}"
EndProject
Project("{FAE04EC0-301F-11D3-BF4B-00C04F79EFBC}") = "GossNet.Discovery.Tests", "GossNet.Discovery.Tests\GossNet.Discovery.Tests.csproj", "{B64EB47C-2645-44EF-ABC9-F8DED56845D2}"
EndProject
Project("{FAE04EC0-301F-11D3-BF4B-00C04F79EFBC}") = "GossNet.Discovery.Kubernetes", "GossNet.Discovery.Kubernetes\GossNet.Discovery.Kubernetes.csproj", "{FFE32CE2-A309-423C-896A-2582EBDBDA12}"
EndProject
Project("{FAE04EC0-301F-11D3-BF4B-00C04F79EFBC}") = "GossNet.Discovery.Docker", "GossNet.Discovery.Docker\GossNet.Discovery.Docker.csproj", "{8F8AA680-2FB6-4D39-BE9D-7EA1F33B9B1E}"
EndProject
Project("{FAE04EC0-301F-11D3-BF4B-00C04F79EFBC}") = "GossNet.Discovery.Aws", "GossNet.Discovery.Aws\GossNet.Discovery.Aws.csproj", "{9FF5C490-3D57-499E-8164-03F8CE1037D3}"
EndProject
Project("{FAE04EC0-301F-11D3-BF4B-00C04F79EFBC}") = "GossNet.Discovery.Redis", "GossNet.Discovery.Redis\GossNet.Discovery.Redis.csproj", "{0CD3A2AA-391E-4B33-93BD-CA50244511E7}"
EndProject
Project("{FAE04EC0-301F-11D3-BF4B-00C04F79EFBC}") = "GossNet.Discovery.Etcd", "GossNet.Discovery.Etcd\GossNet.Discovery.Etcd.csproj", "{3C63E095-4E73-4E92-8815-24CD427C3806}"
EndProject
Project("{FAE04EC0-301F-11D3-BF4B-00C04F79EFBC}") = "GossNet.Discovery.Azure", "GossNet.Discovery.Azure\GossNet.Discovery.Azure.csproj", "{66837B67-D6C0-42FA-B6B9-6B2482FBAD48}"
EndProject
Project("{FAE04EC0-301F-11D3-BF4B-00C04F79EFBC}") = "GossNet.Discovery.Gcp", "GossNet.Discovery.Gcp\GossNet.Discovery.Gcp.csproj", "{21ED8B9B-9FAD-4A5D-B9A2-A32CC30E8A06}"
EndProject
Project("{FAE04EC0-301F-11D3-BF4B-00C04F79EFBC}") = "GossNet.Discovery.IntegrationTests", "GossNet.Discovery.IntegrationTests\GossNet.Discovery.IntegrationTests.csproj", "{042D9302-76F3-4F13-9022-B9FD1B3AE4B1}"
EndProject
Global
	GlobalSection(SolutionConfigurationPlatforms) = preSolution
		Debug|Any CPU = Debug|Any CPU
		Debug|x64 = Debug|x64
		Debug|x86 = Debug|x86
		Release|Any CPU = Release|Any CPU
		Release|x64 = Release|x64
		Release|x86 = Release|x86
	EndGlobalSection
	GlobalSection(ProjectConfigurationPlatforms) = postSolution
		{CEB49A76-5A41-4B24-AEED-CAE44BFA68B4}.Debug|Any CPU.ActiveCfg = Debug|Any CPU
		{CEB49A76-5A41-4B24-AEED-CAE44BFA68B4}.Debug|Any CPU.Build.0 = Debug|Any CPU
		{CEB49A76-5A41-4B24-AEED-CAE44BFA68B4}.Debug|x64.ActiveCfg = Debug|Any CPU
		{CEB49A76-5A41-4B24-AEED-CAE44BFA68B4}.Debug|x64.Build.0 = Debug|Any CPU
		{CEB49A76-5A41-4B24-AEED-CAE44BFA68B4}.Debug|x86.ActiveCfg = Debug|Any CPU
		{CEB49A76-5A41-4B24-AEED-CAE44BFA68B4}.Debug|x86.Build.0 = Debug|Any CPU
		{CEB49A76-5A41-4B24-AEED-CAE44BFA68B4}.Release|Any CPU.ActiveCfg = Release|Any CPU
		{CEB49A76-5A41-4B24-AEED-CAE44BFA68B4}.Release|Any CPU.Build.0 = Release|Any CPU
		{CEB49A76-5A41-4B24-AEED-CAE44BFA68B4}.Release|x64.ActiveCfg = Release|Any CPU
		{CEB49A76-5A41-4B24-AEED-CAE44BFA68B4}.Release|x64.Build.0 = Release|Any CPU
		{CEB49A76-5A41-4B24-AEED-CAE44BFA68B4}.Release|x86.ActiveCfg = Release|Any CPU
		{CEB49A76-5A41-4B24-AEED-CAE44BFA68B4}.Release|x86.Build.0 = Release|Any CPU
		{A504339D-EB09-468A-81F3-ACC5BC01A7F1}.Debug|Any CPU.ActiveCfg = Debug|Any CPU
		{A504339D-EB09-468A-81F3-ACC5BC01A7F1}.Debug|Any CPU.Build.0 = Debug|Any CPU
		{A504339D-EB09-468A-81F3-ACC5BC01A7F1}.Debug|x64.ActiveCfg = Debug|Any CPU
		{A504339D-EB09-468A-81F3-ACC5BC01A7F1}.Debug|x64.Build.0 = Debug|Any CPU
		{A504339D-EB09-468A-81F3-ACC5BC01A7F1}.Debug|x86.ActiveCfg = Debug|Any CPU
		{A504339D-EB09-468A-81F3-ACC5BC01A7F1}.Debug|x86.Build.0 = Debug|Any CPU
		{A504339D-EB09-468A-81F3-ACC5BC01A7F1}.Release|Any CPU.ActiveCfg = Release|Any CPU
		{A504339D-EB09-468A-81F3-ACC5BC01A7F1}.Release|Any CPU.Build.0 = Release|Any CPU
		{A504339D-EB09-468A-81F3-ACC5BC01A7F1}.Release|x64.ActiveCfg = Release|Any CPU
		{A504339D-EB09-468A-81F3-ACC5BC01A7F1}.Release|x64.Build.0 = Release|Any CPU
		{A504339D-EB09-468A-81F3-ACC5BC01A7F1}.Release|x86.ActiveCfg = Release|Any CPU
		{A504339D-EB09-468A-81F3-ACC5BC01A7F1}.Release|x86.Build.0 = Release|Any CPU
		{2A47A835-E3A5-410B-97E4-403AE274F2EE}.Debug|Any CPU.ActiveCfg = Debug|Any CPU
		{2A47A835-E3A5-410B-97E4-403AE274F2EE}.Debug|Any CPU.Build.0 = Debug|Any CPU
		{2A47A835-E3A5-410B-97E4-403AE274F2EE}.Debug|x64.ActiveCfg = Debug|Any CPU
		{2A47A835-E3A5-410B-97E4-403AE274F2EE}.Debug|x64.Build.0 = Debug|Any CPU
		{2A47A835-E3A5-410B-97E4-403AE274F2EE}.Debug|x86.ActiveCfg = Debug|Any CPU
		{2A47A835-E3A5-410B-97E4-403AE274F2EE}.Debug|x86.Build.0 = Debug|Any CPU
		{2A47A835-E3A5-410B-97E4-403AE274F2EE}.Release|Any CPU.ActiveCfg = Release|Any CPU
		{2A47A835-E3A5-410B-97E4-403AE274F2EE}.Release|Any CPU.Build.0 = Release|Any CPU
		{2A47A835-E3A5-410B-97E4-403AE274F2EE}.Release|x64.ActiveCfg = Release|Any CPU
		{2A47A835-E3A5-410B-97E4-403AE274F2EE}.Release|x64.Build.0 = Release|Any CPU
		{2A47A835-E3A5-410B-97E4-403AE274F2EE}.Release|x86.ActiveCfg = Release|Any CPU
		{2A47A835-E3A5-410B-97E4-403AE274F2EE}.Release|x86.Build.0 = Release|Any CPU
		{B64EB47C-2645-44EF-ABC9-F8DED56845D2}.Debug|Any CPU.ActiveCfg = Debug|Any CPU
		{B64EB47C-2645-44EF-ABC9-F8DED56845D2}.Debug|Any CPU.Build.0 = Debug|Any CPU
		{B64EB47C-2645-44EF-ABC9-F8DED56845D2}.Debug|x64.ActiveCfg = Debug|Any CPU
		{B64EB47C-2645-44EF-ABC9-F8DED56845D2}.Debug|x64.Build.0 = Debug|Any CPU
		{B64EB47C-2645-44EF-ABC9-F8DED56845D2}.Debug|x86.ActiveCfg = Debug|Any CPU
		{B64EB47C-2645-44EF-ABC9-F8DED56845D2}.Debug|x86.Build.0 = Debug|Any CPU
		{B64EB47C-2645-44EF-ABC9-F8DED56845D2}.Release|Any CPU.ActiveCfg = Release|Any CPU
		{B64EB47C-2645-44EF-ABC9-F8DED56845D2}.Release|Any CPU.Build.0 = Release|Any CPU
		{B64EB47C-2645-44EF-ABC9-F8DED56845D2}.Release|x64.ActiveCfg = Release|Any CPU
		{B64EB47C-2645-44EF-ABC9-F8DED56845D2}.Release|x64.Build.0 = Release|Any CPU
		{B64EB47C-2645-44EF-ABC9-F8DED56845D2}.Release|x86.ActiveCfg = Release|Any CPU
		{B64EB47C-2645-44EF-ABC9-F8DED56845D2}.Release|x86.Build.0 = Release|Any CPU
		{FFE32CE2-A309-423C-896A-2582EBDBDA12}.Debug|Any CPU.ActiveCfg = Debug|Any CPU
		{FFE32CE2-A309-423C-896A-2582EBDBDA12}.Debug|Any CPU.Build.0 = Debug|Any CPU
		{FFE32CE2-A309-423C-896A-2582EBDBDA12}.Debug|x64.ActiveCfg = Debug|Any CPU
		{FFE32CE2-A309-423C-896A-2582EBDBDA12}.Debug|x64.Build.0 = Debug|Any CPU
		{FFE32CE2-A309-423C-896A-2582EBDBDA12}.Debug|x86.ActiveCfg = Debug|Any CPU
		{FFE32CE2-A309-423C-896A-2582EBDBDA12}.Debug|x86.Build.0 = Debug|Any CPU
		{FFE32CE2-A309-423C-896A-2582EBDBDA12}.Release|Any CPU.ActiveCfg = Release|Any CPU
		{FFE32CE2-A309-423C-896A-2582EBDBDA12}.Release|Any CPU.Build.0 = Release|Any CPU
		{FFE32CE2-A309-423C-896A-2582EBDBDA12}.Release|x64.ActiveCfg = Release|Any CPU
		{FFE32CE2-A309-423C-896A-2582EBDBDA12}.Release|x64.Build.0 = Release|Any CPU
		{FFE32CE2-A309-423C-896A-2582EBDBDA12}.Release|x86.ActiveCfg = Release|Any CPU
		{FFE32CE2-A309-423C-896A-2582EBDBDA12}.Release|x86.Build.0 = Release|Any CPU
		{8F8AA680-2FB6-4D39-BE9D-7EA1F33B9B1E}.Debug|Any CPU.ActiveCfg = Debug|Any CPU
		{8F8AA680-2FB6-4D39-BE9D-7EA1F33B9B1E}.Debug|Any CPU.Build.0 = Debug|Any CPU
		{8F8AA680-2FB6-4D39-BE9D-7EA1F33B9B1E}.Debug|x64.ActiveCfg = Debug|Any CPU
		{8F8AA680-2FB6-4D39-BE9D-7EA1F33B9B1E}.Debug|x64.Build.0 = Debug|Any CPU
		{8F8AA680-2FB6-4D39-BE9D-7EA1F33B9B1E}.Debug|x86.ActiveCfg = Debug|Any CPU
		{8F8AA680-2FB6-4D39-BE9D-7EA1F33B9B1E}.Debug|x86.Build.0 = Debug|Any CPU
		{8F8AA680-2FB6-4D39-BE9D-7EA1F33B9B1E}.Release|Any CPU.ActiveCfg = Release|Any CPU
		{8F8AA680-2FB6-4D39-BE9D-7EA1F33B9B1E}.Release|Any CPU.Build.0 = Release|Any CPU
		{8F8AA680-2FB6-4D39-BE9D-7EA1F33B9B1E}.Release|x64.ActiveCfg = Release|Any CPU
		{8F8AA680-2FB6-4D39-BE9D-7EA1F33B9B1E}.Release|x64.Build.0 = Release|Any CPU
		{8F8AA680-2FB6-4D39-BE9D-7EA1F33B9B1E}.Release|x86.ActiveCfg = Release|Any CPU
		{8F8AA680-2FB6-4D39-BE9D-7EA1F33B9B1E}.Release|x86.Build.0 = Release|Any CPU
		{9FF5C490-3D57-499E-8164-03F8CE1037D3}.Debug|Any CPU.ActiveCfg = Debug|Any CPU
		{9FF5C490-3D57-499E-8164-03F8CE1037D3}.Debug|Any CPU.Build.0 = Debug|Any CPU
		{9FF5C490-3D57-499E-8164-03F8CE1037D3}.Debug|x64.ActiveCfg = Debug|Any CPU
		{9FF5C490-3D57-499E-8164-03F8CE1037D3}.Debug|x64.Build.0 = Debug|Any CPU
		{9FF5C490-3D57-499E-8164-03F8CE1037D3}.Debug|x86.ActiveCfg = Debug|Any CPU
		{9FF5C490-3D57-499E-8164-03F8CE1037D3}.Debug|x86.Build.0 = Debug|Any CPU
		{9FF5C490-3D57-499E-8164-03F8CE1037D3}.Release|Any CPU.ActiveCfg = Release|Any CPU
		{9FF5C490-3D57-499E-8164-03F8CE1037D3}.Release|Any CPU.Build.0 = Release|Any CPU
		{9FF5C490-3D57-499E-8164-03F8CE1037D3}.Release|x64.ActiveCfg = Release|Any CPU
		{9FF5C490-3D57-499E-8164-03F8CE1037D3}.Release|x64.Build.0 = Release|Any CPU
		{9FF5C490-3D57-499E-8164-03F8CE1037D3}.Release|x86.ActiveCfg = Release|Any CPU
		{9FF5C490-3D57-499E-8164-03F8CE1037D3}.Release|x86.Build.0 = Release|Any CPU
		{0CD3A2AA-391E-4B33-93BD-CA50244511E7}.Debug|Any CPU.ActiveCfg = Debug|Any CPU
		{0CD3A2AA-391E-4B33-93BD-CA50244511E7}.Debug|Any CPU.Build.0 = Debug|Any CPU
		{0CD3A2AA-391E-4B33-93BD-CA50244511E7}.Debug|x64.ActiveCfg = Debug|Any CPU
		{0CD3A2AA-391E-4B33-93BD-CA50244511E7}.Debug|x64.Build.0 = Debug|Any CPU
		{0CD3A2AA-391E-4B33-93BD-CA50244511E7}.Debug|x86.ActiveCfg = Debug|Any CPU
		{0CD3A2AA-391E-4B33-93BD-CA50244511E7}.Debug|x86.Build.0 = Debug|Any CPU
		{0CD3A2AA-391E-4B33-93BD-CA50244511E7}.Release|Any CPU.ActiveCfg = Release|Any CPU
		{0CD3A2AA-391E-4B33-93BD-CA50244511E7}.Release|Any CPU.Build.0 = Release|Any CPU
		{0CD3A2AA-391E-4B33-93BD-CA50244511E7}.Release|x64.ActiveCfg = Release|Any CPU
		{0CD3A2AA-391E-4B33-93BD-CA50244511E7}.Release|x64.Build.0 = Release|Any CPU
		{0CD3A2AA-391E-4B33-93BD-CA50244511E7}.Release|x86.ActiveCfg = Release|Any CPU
		{0CD3A2AA-391E-4B33-93BD-CA50244511E7}.Release|x86.Build.0 = Release|Any CPU
		{3C63E095-4E73-4E92-8815-24CD427C3806}.Debug|Any CPU.ActiveCfg = Debug|Any CPU
		{3C63E095-4E73-4E92-8815-24CD427C3806}.Debug|Any CPU.Build.0 = Debug|Any CPU
		{3C63E095-4E73-4E92-8815-24CD427C3806}.Debug|x64.ActiveCfg = Debug|Any CPU
		{3C63E095-4E73-4E92-8815-24CD427C3806}.Debug|x64.Build.0 = Debug|Any CPU
		{3C63E095-4E73-4E92-8815-24CD427C3806}.Debug|x86.ActiveCfg = Debug|Any CPU
		{3C63E095-4E73-4E92-8815-24CD427C3806}.Debug|x86.Build.0 = Debug|Any CPU
		{3C63E095-4E73-4E92-8815-24CD427C3806}.Release|Any CPU.ActiveCfg = Release|Any CPU
		{3C63E095-4E73-4E92-8815-24CD427C3806}.Release|Any CPU.Build.0 = Release|Any CPU
		{3C63E095-4E73-4E92-8815-24CD427C3806}.Release|x64.ActiveCfg = Release|Any CPU
		{3C63E095-4E73-4E92-8815-24CD427C3806}.Release|x64.Build.0 = Release|Any CPU
		{3C63E095-4E73-4E92-8815-24CD427C3806}.Release|x86.ActiveCfg = Release|Any CPU
		{3C63E095-4E73-4E92-8815-24CD427C3806}.Release|x86.Build.0 = Release|Any CPU
		{66837B67-D6C0-42FA-B6B9-6B2482FBAD48}.Debug|Any CPU.ActiveCfg = Debug|Any CPU
		{66837B67-D6C0-42FA-B6B9-6B2482FBAD48}.Debug|Any CPU.Build.0 = Debug|Any CPU
		{66837B67-D6C0-42FA-B6B9-6B2482FBAD48}.Debug|x64.ActiveCfg = Debug|Any CPU
		{66837B67-D6C0-42FA-B6B9-6B2482FBAD48}.Debug|x64.Build.0 = Debug|Any CPU
		{66837B67-D6C0-42FA-B6B9-6B2482FBAD48}.Debug|x86.ActiveCfg = Debug|Any CPU
		{66837B67-D6C0-42FA-B6B9-6B2482FBAD48}.Debug|x86.Build.0 = Debug|Any CPU
		{66837B67-D6C0-42FA-B6B9-6B2482FBAD48}.Release|Any CPU.ActiveCfg = Release|Any CPU
		{66837B67-D6C0-42FA-B6B9-6B2482FBAD48}.Release|Any CPU.Build.0 = Release|Any CPU
		{66837B67-D6C0-42FA-B6B9-6B2482FBAD48}.Release|x64.ActiveCfg = Release|Any CPU
		{66837B67-D6C0-42FA-B6B9-6B2482FBAD48}.Release|x64.Build.0 = Release|Any CPU
		{66837B67-D6C0-42FA-B6B9-6B2482FBAD48}.Release|x86.ActiveCfg = Release|Any CPU
		{66837B67-D6C0-42FA-B6B9-6B2482FBAD48}.Release|x86.Build.0 = Release|Any CPU
		{21ED8B9B-9FAD-4A5D-B9A2-A32CC30E8A06}.Debug|Any CPU.ActiveCfg = Debug|Any CPU
		{21ED8B9B-9FAD-4A5D-B9A2-A32CC30E8A06}.Debug|Any CPU.Build.0 = Debug|Any CPU
		{21ED8B9B-9FAD-4A5D-B9A2-A32CC30E8A06}.Debug|x64.ActiveCfg = Debug|Any CPU
		{21ED8B9B-9FAD-4A5D-B9A2-A32CC30E8A06}.Debug|x64.Build.0 = Debug|Any CPU
		{21ED8B9B-9FAD-4A5D-B9A2-A32CC30E8A06}.Debug|x86.ActiveCfg = Debug|Any CPU
		{21ED8B9B-9FAD-4A5D-B9A2-A32CC30E8A06}.Debug|x86.Build.0 = Debug|Any CPU
		{21ED8B9B-9FAD-4A5D-B9A2-A32CC30E8A06}.Release|Any CPU.ActiveCfg = Release|Any CPU
		{21ED8B9B-9FAD-4A5D-B9A2-A32CC30E8A06}.Release|Any CPU.Build.0 = Release|Any CPU
		{21ED8B9B-9FAD-4A5D-B9A2-A32CC30E8A06}.Release|x64.ActiveCfg = Release|Any CPU
		{21ED8B9B-9FAD-4A5D-B9A2-A32CC30E8A06}.Release|x64.Build.0 = Release|Any CPU
		{21ED8B9B-9FAD-4A5D-B9A2-A32CC30E8A06}.Release|x86.ActiveCfg = Release|Any CPU
		{21ED8B9B-9FAD-4A5D-B9A2-A32CC30E8A06}.Release|x86.Build.0 = Release|Any CPU
		{042D9302-76F3-4F13-9022-B9FD1B3AE4B1}.Debug|Any CPU.ActiveCfg = Debug|Any CPU
		{042D9302-76F3-4F13-9022-B9FD1B3AE4B1}.Debug|Any CPU.Build.0 = Debug|Any CPU
		{042D9302-76F3-4F13-9022-B9FD1B3AE4B1}.Debug|x64.ActiveCfg = Debug|Any CPU
		{042D9302-76F3-4F13-9022-B9FD1B3AE4B1}.Debug|x64.Build.0 = Debug|Any CPU
		{042D9302-76F3-4F13-9022-B9FD1B3AE4B1}.Debug|x86.ActiveCfg = Debug|Any CPU
		{042D9302-76F3-4F13-9022-B9FD1B3AE4B1}.Debug|x86.Build.0 = Debug|Any CPU
		{042D9302-76F3-4F13-9022-B9FD1B3AE4B1}.Release|Any CPU.ActiveCfg = Release|Any CPU
		{042D9302-76F3-4F13-9022-B9FD1B3AE4B1}.Release|Any CPU.Build.0 = Release|Any CPU
		{042D9302-76F3-4F13-9022-B9FD1B3AE4B1}.Release|x64.ActiveCfg = Release|Any CPU
		{042D9302-76F3-4F13-9022-B9FD1B3AE4B1}.Release|x64.Build.0 = Release|Any CPU
		{042D9302-76F3-4F13-9022-B9FD1B3AE4B1}.Release|x86.ActiveCfg = Release|Any CPU
		{042D9302-76F3-4F13-9022-B9FD1B3AE4B1}.Release|x86.Build.0 = Release|Any CPU
	EndGlobalSection
	GlobalSection(SolutionProperties) = preSolution
		HideSolutionNode = FALSE
	EndGlobalSection
EndGlobal
